
Microsoft Visual Studio Solution File, Format Version 12.00
# Visual Studio Version 16
VisualStudioVersion = 16.0.29230.47
MinimumVisualStudioVersion = 10.0.40219.1
Project("{9A19103F-16F7-4668-BE54-9A1E7A4F7556}") = "DatingApp.API", "DatingApp.API.csproj", "{CA270869-775D-4B68-8506-CC66180A2435}"
EndProject
Project("{E24C65DC-7377-472B-9ABA-BC803B73C61A}") = "DatinApp-SPA", "..\DatinApp-SPA\", "{BA86EB3B-690A-4DC9-9DE2-FAE0CB847199}"
	ProjectSection(WebsiteProperties) = preProject
		TargetFrameworkMoniker = ".NETFramework,Version%3Dv4.0"
		Debug.AspNetCompiler.VirtualPath = "/localhost_51452"
		Debug.AspNetCompiler.PhysicalPath = "..\DatinApp-SPA\"
		Debug.AspNetCompiler.TargetPath = "PrecompiledWeb\localhost_51452\"
		Debug.AspNetCompiler.Updateable = "true"
		Debug.AspNetCompiler.ForceOverwrite = "true"
		Debug.AspNetCompiler.FixedNames = "false"
		Debug.AspNetCompiler.Debug = "True"
		Release.AspNetCompiler.VirtualPath = "/localhost_51452"
		Release.AspNetCompiler.PhysicalPath = "..\DatinApp-SPA\"
		Release.AspNetCompiler.TargetPath = "PrecompiledWeb\localhost_51452\"
		Release.AspNetCompiler.Updateable = "true"
		Release.AspNetCompiler.ForceOverwrite = "true"
		Release.AspNetCompiler.FixedNames = "false"
		Release.AspNetCompiler.Debug = "False"
		VWDPort = "51452"
	EndProjectSection
EndProject
Global
	GlobalSection(SolutionConfigurationPlatforms) = preSolution
		Debug|Any CPU = Debug|Any CPU
		Release|Any CPU = Release|Any CPU
	EndGlobalSection
	GlobalSection(ProjectConfigurationPlatforms) = postSolution
		{CA270869-775D-4B68-8506-CC66180A2435}.Debug|Any CPU.ActiveCfg = Debug|Any CPU
		{CA270869-775D-4B68-8506-CC66180A2435}.Debug|Any CPU.Build.0 = Debug|Any CPU
		{CA270869-775D-4B68-8506-CC66180A2435}.Release|Any CPU.ActiveCfg = Release|Any CPU
		{CA270869-775D-4B68-8506-CC66180A2435}.Release|Any CPU.Build.0 = Release|Any CPU
		{BA86EB3B-690A-4DC9-9DE2-FAE0CB847199}.Debug|Any CPU.ActiveCfg = Debug|Any CPU
		{BA86EB3B-690A-4DC9-9DE2-FAE0CB847199}.Debug|Any CPU.Build.0 = Debug|Any CPU
		{BA86EB3B-690A-4DC9-9DE2-FAE0CB847199}.Release|Any CPU.ActiveCfg = Debug|Any CPU
		{BA86EB3B-690A-4DC9-9DE2-FAE0CB847199}.Release|Any CPU.Build.0 = Debug|Any CPU
	EndGlobalSection
	GlobalSection(SolutionProperties) = preSolution
		HideSolutionNode = FALSE
	EndGlobalSection
	GlobalSection(ExtensibilityGlobals) = postSolution
		SolutionGuid = {18353B5E-29C5-4BE5-AD7E-592885E5EB0E}
	EndGlobalSection
EndGlobal
